// !$*UTF8*$!
{
	archiveVersion = 1;
	classes = {
	};
	objectVersion = 46;
	objects = {

/* Begin PBXBuildFile section */
		3C5190951BE05A2E00D6B67D /* Localizable.strings in Resources */ = {isa = PBXBuildFile; fileRef = 3C5190971BE05A2E00D6B67D /* Localizable.strings */; };
		3C70BD221A0733D200C32A1F /* EUExBaiduMap.mm in Sources */ = {isa = PBXBuildFile; fileRef = 3C70BD211A0733D200C32A1F /* EUExBaiduMap.mm */; };
		3CEE01D41A170DE1007A5D40 /* CoreLocation.framework in Frameworks */ = {isa = PBXBuildFile; fileRef = 3CEE01D31A170DE1007A5D40 /* CoreLocation.framework */; };
		423152F41EDE564F00FBC502 /* BaiduMapAPI_Base.framework in Frameworks */ = {isa = PBXBuildFile; fileRef = 423152ED1EDE564F00FBC502 /* BaiduMapAPI_Base.framework */; };
		423152F51EDE564F00FBC502 /* BaiduMapAPI_Cloud.framework in Frameworks */ = {isa = PBXBuildFile; fileRef = 423152EE1EDE564F00FBC502 /* BaiduMapAPI_Cloud.framework */; };
		423152F61EDE564F00FBC502 /* BaiduMapAPI_Location.framework in Frameworks */ = {isa = PBXBuildFile; fileRef = 423152EF1EDE564F00FBC502 /* BaiduMapAPI_Location.framework */; };
		423152F71EDE564F00FBC502 /* BaiduMapAPI_Map.framework in Frameworks */ = {isa = PBXBuildFile; fileRef = 423152F01EDE564F00FBC502 /* BaiduMapAPI_Map.framework */; };
		423152F81EDE564F00FBC502 /* BaiduMapAPI_Radar.framework in Frameworks */ = {isa = PBXBuildFile; fileRef = 423152F11EDE564F00FBC502 /* BaiduMapAPI_Radar.framework */; };
		423152F91EDE564F00FBC502 /* BaiduMapAPI_Search.framework in Frameworks */ = {isa = PBXBuildFile; fileRef = 423152F21EDE564F00FBC502 /* BaiduMapAPI_Search.framework */; };
		423152FA1EDE564F00FBC502 /* BaiduMapAPI_Utils.framework in Frameworks */ = {isa = PBXBuildFile; fileRef = 423152F31EDE564F00FBC502 /* BaiduMapAPI_Utils.framework */; };
		4231530C1EDE567100FBC502 /* mapapi.bundle in CopyFiles */ = {isa = PBXBuildFile; fileRef = 4231530B1EDE566600FBC502 /* mapapi.bundle */; };
		4231530D1EDE567100FBC502 /* BaiduMapAPI_Base.framework in CopyFiles */ = {isa = PBXBuildFile; fileRef = 423152ED1EDE564F00FBC502 /* BaiduMapAPI_Base.framework */; };
		4231530E1EDE567100FBC502 /* BaiduMapAPI_Cloud.framework in CopyFiles */ = {isa = PBXBuildFile; fileRef = 423152EE1EDE564F00FBC502 /* BaiduMapAPI_Cloud.framework */; };
		4231530F1EDE567100FBC502 /* BaiduMapAPI_Location.framework in CopyFiles */ = {isa = PBXBuildFile; fileRef = 423152EF1EDE564F00FBC502 /* BaiduMapAPI_Location.framework */; };
		423153101EDE567100FBC502 /* BaiduMapAPI_Map.framework in CopyFiles */ = {isa = PBXBuildFile; fileRef = 423152F01EDE564F00FBC502 /* BaiduMapAPI_Map.framework */; };
		423153111EDE567100FBC502 /* BaiduMapAPI_Radar.framework in CopyFiles */ = {isa = PBXBuildFile; fileRef = 423152F11EDE564F00FBC502 /* BaiduMapAPI_Radar.framework */; };
		423153121EDE567100FBC502 /* BaiduMapAPI_Search.framework in CopyFiles */ = {isa = PBXBuildFile; fileRef = 423152F21EDE564F00FBC502 /* BaiduMapAPI_Search.framework */; };
		423153131EDE567100FBC502 /* BaiduMapAPI_Utils.framework in CopyFiles */ = {isa = PBXBuildFile; fileRef = 423152F31EDE564F00FBC502 /* BaiduMapAPI_Utils.framework */; };
		423153151EDE5A9B00FBC502 /* AppCanKit.framework in Frameworks */ = {isa = PBXBuildFile; fileRef = 423153141EDE5A9B00FBC502 /* AppCanKit.framework */; };
		423153201EDE5EDC00FBC502 /* uexBaiduMapOverlay.m in Sources */ = {isa = PBXBuildFile; fileRef = 4231531F1EDE5EDC00FBC502 /* uexBaiduMapOverlay.m */; };
		423153231EDEA27700FBC502 /* uexBaiduMapInfo.m in Sources */ = {isa = PBXBuildFile; fileRef = 423153221EDEA27700FBC502 /* uexBaiduMapInfo.m */; };
		423153331EDFE0BE00FBC502 /* uexBaiduBusLineSearcher.m in Sources */ = {isa = PBXBuildFile; fileRef = 423153321EDFE0BE00FBC502 /* uexBaiduBusLineSearcher.m */; };
		423153361EDFF02700FBC502 /* uexBaiduMapAnnotation.m in Sources */ = {isa = PBXBuildFile; fileRef = 423153351EDFF02700FBC502 /* uexBaiduMapAnnotation.m */; };
		423153391EE13DB400FBC502 /* uexBaiduMapRoutePlanSearcher.m in Sources */ = {isa = PBXBuildFile; fileRef = 423153381EE13DB400FBC502 /* uexBaiduMapRoutePlanSearcher.m */; };
		42961A631D0D0C5700005263 /* uexBaiduPOISearcher.m in Sources */ = {isa = PBXBuildFile; fileRef = 42961A621D0D0C5700005263 /* uexBaiduPOISearcher.m */; };
		42961A661D0D1B4E00005263 /* uexBaiduGeoCodeSearcher.m in Sources */ = {isa = PBXBuildFile; fileRef = 42961A651D0D1B4E00005263 /* uexBaiduGeoCodeSearcher.m */; };
		42961A691D0D21D800005263 /* uexBaiduReverseGeocodeSearcher.m in Sources */ = {isa = PBXBuildFile; fileRef = 42961A681D0D21D800005263 /* uexBaiduReverseGeocodeSearcher.m */; };
		429E86551E0BA23300DFB0E8 /* openssl.framework in Frameworks */ = {isa = PBXBuildFile; fileRef = 429E86541E0BA23300DFB0E8 /* openssl.framework */; };
		429E86581E0BA27800DFB0E8 /* openssl.framework in CopyFiles */ = {isa = PBXBuildFile; fileRef = 429E86541E0BA23300DFB0E8 /* openssl.framework */; };
		CD15FE801FE7C404000E8973 /* libcrypto.a in Frameworks */ = {isa = PBXBuildFile; fileRef = CD15FE7E1FE7C404000E8973 /* libcrypto.a */; };
		CD15FE811FE7C404000E8973 /* libssl.a in Frameworks */ = {isa = PBXBuildFile; fileRef = CD15FE7F1FE7C404000E8973 /* libssl.a */; };
/* End PBXBuildFile section */

/* Begin PBXContainerItemProxy section */
		3C1AD5A01BD5F5110091D2A1 /* PBXContainerItemProxy */ = {
			isa = PBXContainerItemProxy;
			containerPortal = 3C70BD141A0733D200C32A1F /* Project object */;
			proxyType = 1;
			remoteGlobalIDString = 3C1AD5991BD5F4E50091D2A1;
			remoteInfo = uexBaiduMapBundle;
		};
/* End PBXContainerItemProxy section */

/* Begin PBXCopyFilesBuildPhase section */
		3C70BD1A1A0733D200C32A1F /* CopyFiles */ = {
			isa = PBXCopyFilesBuildPhase;
			buildActionMask = 2147483647;
			dstPath = "";
			dstSubfolderSpec = 16;
			files = (
				4231530C1EDE567100FBC502 /* mapapi.bundle in CopyFiles */,
				4231530D1EDE567100FBC502 /* BaiduMapAPI_Base.framework in CopyFiles */,
				4231530E1EDE567100FBC502 /* BaiduMapAPI_Cloud.framework in CopyFiles */,
				4231530F1EDE567100FBC502 /* BaiduMapAPI_Location.framework in CopyFiles */,
				423153101EDE567100FBC502 /* BaiduMapAPI_Map.framework in CopyFiles */,
				423153111EDE567100FBC502 /* BaiduMapAPI_Radar.framework in CopyFiles */,
				423153121EDE567100FBC502 /* BaiduMapAPI_Search.framework in CopyFiles */,
				423153131EDE567100FBC502 /* BaiduMapAPI_Utils.framework in CopyFiles */,
				429E86581E0BA27800DFB0E8 /* openssl.framework in CopyFiles */,
			);
			runOnlyForDeploymentPostprocessing = 0;
		};
/* End PBXCopyFilesBuildPhase section */

/* Begin PBXFileReference section */
		3C1AD59A1BD5F4E50091D2A1 /* uexBaiduMap.bundle */ = {isa = PBXFileReference; explicitFileType = wrapper.cfbundle; includeInIndex = 0; path = uexBaiduMap.bundle; sourceTree = BUILT_PRODUCTS_DIR; };
		3C1AD5A91BD60CDF0091D2A1 /* PrefixHeader.pch */ = {isa = PBXFileReference; fileEncoding = 4; lastKnownFileType = sourcecode.c.h; path = PrefixHeader.pch; sourceTree = "<group>"; };
		3C5190961BE05A2E00D6B67D /* en */ = {isa = PBXFileReference; lastKnownFileType = text.plist.strings; name = en; path = en.lproj/Localizable.strings; sourceTree = "<group>"; };
		3C5190981BE05A3200D6B67D /* zh-Hans */ = {isa = PBXFileReference; lastKnownFileType = text.plist.strings; name = "zh-Hans"; path = "zh-Hans.lproj/Localizable.strings"; sourceTree = "<group>"; };
		3C70BD1C1A0733D200C32A1F /* libuexBaiduMap.a */ = {isa = PBXFileReference; explicitFileType = archive.ar; includeInIndex = 0; path = libuexBaiduMap.a; sourceTree = BUILT_PRODUCTS_DIR; };
		3C70BD1F1A0733D200C32A1F /* EUExBaiduMap.h */ = {isa = PBXFileReference; lastKnownFileType = sourcecode.c.h; path = EUExBaiduMap.h; sourceTree = "<group>"; };
		3C70BD211A0733D200C32A1F /* EUExBaiduMap.mm */ = {isa = PBXFileReference; lastKnownFileType = sourcecode.cpp.objcpp; path = EUExBaiduMap.mm; sourceTree = "<group>"; };
		3CEE01D31A170DE1007A5D40 /* CoreLocation.framework */ = {isa = PBXFileReference; lastKnownFileType = wrapper.framework; name = CoreLocation.framework; path = System/Library/Frameworks/CoreLocation.framework; sourceTree = SDKROOT; };
		423152ED1EDE564F00FBC502 /* BaiduMapAPI_Base.framework */ = {isa = PBXFileReference; lastKnownFileType = wrapper.framework; path = BaiduMapAPI_Base.framework; sourceTree = "<group>"; };
		423152EE1EDE564F00FBC502 /* BaiduMapAPI_Cloud.framework */ = {isa = PBXFileReference; lastKnownFileType = wrapper.framework; path = BaiduMapAPI_Cloud.framework; sourceTree = "<group>"; };
		423152EF1EDE564F00FBC502 /* BaiduMapAPI_Location.framework */ = {isa = PBXFileReference; lastKnownFileType = wrapper.framework; path = BaiduMapAPI_Location.framework; sourceTree = "<group>"; };
		423152F01EDE564F00FBC502 /* BaiduMapAPI_Map.framework */ = {isa = PBXFileReference; lastKnownFileType = wrapper.framework; path = BaiduMapAPI_Map.framework; sourceTree = "<group>"; };
		423152F11EDE564F00FBC502 /* BaiduMapAPI_Radar.framework */ = {isa = PBXFileReference; lastKnownFileType = wrapper.framework; path = BaiduMapAPI_Radar.framework; sourceTree = "<group>"; };
		423152F21EDE564F00FBC502 /* BaiduMapAPI_Search.framework */ = {isa = PBXFileReference; lastKnownFileType = wrapper.framework; path = BaiduMapAPI_Search.framework; sourceTree = "<group>"; };
		423152F31EDE564F00FBC502 /* BaiduMapAPI_Utils.framework */ = {isa = PBXFileReference; lastKnownFileType = wrapper.framework; path = BaiduMapAPI_Utils.framework; sourceTree = "<group>"; };
		4231530B1EDE566600FBC502 /* mapapi.bundle */ = {isa = PBXFileReference; lastKnownFileType = "wrapper.plug-in"; path = mapapi.bundle; sourceTree = "<group>"; };
		423153141EDE5A9B00FBC502 /* AppCanKit.framework */ = {isa = PBXFileReference; lastKnownFileType = wrapper.framework; path = AppCanKit.framework; sourceTree = "<group>"; };
		4231531E1EDE5EDC00FBC502 /* uexBaiduMapOverlay.h */ = {isa = PBXFileReference; fileEncoding = 4; lastKnownFileType = sourcecode.c.h; path = uexBaiduMapOverlay.h; sourceTree = "<group>"; };
		4231531F1EDE5EDC00FBC502 /* uexBaiduMapOverlay.m */ = {isa = PBXFileReference; fileEncoding = 4; lastKnownFileType = sourcecode.c.objc; path = uexBaiduMapOverlay.m; sourceTree = "<group>"; };
		423153211EDEA27700FBC502 /* uexBaiduMapInfo.h */ = {isa = PBXFileReference; fileEncoding = 4; lastKnownFileType = sourcecode.c.h; path = uexBaiduMapInfo.h; sourceTree = "<group>"; };
		423153221EDEA27700FBC502 /* uexBaiduMapInfo.m */ = {isa = PBXFileReference; fileEncoding = 4; lastKnownFileType = sourcecode.c.objc; path = uexBaiduMapInfo.m; sourceTree = "<group>"; };
		423153311EDFE0BE00FBC502 /* uexBaiduBusLineSearcher.h */ = {isa = PBXFileReference; fileEncoding = 4; lastKnownFileType = sourcecode.c.h; path = uexBaiduBusLineSearcher.h; sourceTree = "<group>"; };
		423153321EDFE0BE00FBC502 /* uexBaiduBusLineSearcher.m */ = {isa = PBXFileReference; fileEncoding = 4; lastKnownFileType = sourcecode.c.objc; path = uexBaiduBusLineSearcher.m; sourceTree = "<group>"; };
		423153341EDFF02700FBC502 /* uexBaiduMapAnnotation.h */ = {isa = PBXFileReference; fileEncoding = 4; lastKnownFileType = sourcecode.c.h; path = uexBaiduMapAnnotation.h; sourceTree = "<group>"; };
		423153351EDFF02700FBC502 /* uexBaiduMapAnnotation.m */ = {isa = PBXFileReference; fileEncoding = 4; lastKnownFileType = sourcecode.c.objc; path = uexBaiduMapAnnotation.m; sourceTree = "<group>"; };
		423153371EE13DB400FBC502 /* uexBaiduMapRoutePlanSearcher.h */ = {isa = PBXFileReference; fileEncoding = 4; lastKnownFileType = sourcecode.c.h; path = uexBaiduMapRoutePlanSearcher.h; sourceTree = "<group>"; };
		423153381EE13DB400FBC502 /* uexBaiduMapRoutePlanSearcher.m */ = {isa = PBXFileReference; fileEncoding = 4; lastKnownFileType = sourcecode.c.objc; path = uexBaiduMapRoutePlanSearcher.m; sourceTree = "<group>"; };
		4231533C1EE16CD300FBC502 /* uexBaiduMapBaseDefine.h */ = {isa = PBXFileReference; fileEncoding = 4; lastKnownFileType = sourcecode.c.h; path = uexBaiduMapBaseDefine.h; sourceTree = "<group>"; };
		42961A611D0D0C5700005263 /* uexBaiduPOISearcher.h */ = {isa = PBXFileReference; fileEncoding = 4; lastKnownFileType = sourcecode.c.h; path = uexBaiduPOISearcher.h; sourceTree = "<group>"; };
		42961A621D0D0C5700005263 /* uexBaiduPOISearcher.m */ = {isa = PBXFileReference; fileEncoding = 4; lastKnownFileType = sourcecode.c.objc; path = uexBaiduPOISearcher.m; sourceTree = "<group>"; };
		42961A641D0D1B4E00005263 /* uexBaiduGeoCodeSearcher.h */ = {isa = PBXFileReference; fileEncoding = 4; lastKnownFileType = sourcecode.c.h; path = uexBaiduGeoCodeSearcher.h; sourceTree = "<group>"; };
		42961A651D0D1B4E00005263 /* uexBaiduGeoCodeSearcher.m */ = {isa = PBXFileReference; fileEncoding = 4; lastKnownFileType = sourcecode.c.objc; path = uexBaiduGeoCodeSearcher.m; sourceTree = "<group>"; };
		42961A671D0D21D800005263 /* uexBaiduReverseGeocodeSearcher.h */ = {isa = PBXFileReference; fileEncoding = 4; lastKnownFileType = sourcecode.c.h; path = uexBaiduReverseGeocodeSearcher.h; sourceTree = "<group>"; };
		42961A681D0D21D800005263 /* uexBaiduReverseGeocodeSearcher.m */ = {isa = PBXFileReference; fileEncoding = 4; lastKnownFileType = sourcecode.c.objc; path = uexBaiduReverseGeocodeSearcher.m; sourceTree = "<group>"; };
		429E86541E0BA23300DFB0E8 /* openssl.framework */ = {isa = PBXFileReference; lastKnownFileType = wrapper.framework; path = openssl.framework; sourceTree = "<group>"; };
		CD15FE7E1FE7C404000E8973 /* libcrypto.a */ = {isa = PBXFileReference; lastKnownFileType = archive.ar; path = libcrypto.a; sourceTree = "<group>"; };
		CD15FE7F1FE7C404000E8973 /* libssl.a */ = {isa = PBXFileReference; lastKnownFileType = archive.ar; path = libssl.a; sourceTree = "<group>"; };
/* End PBXFileReference section */

/* Begin PBXFrameworksBuildPhase section */
		3C1AD5971BD5F4E50091D2A1 /* Frameworks */ = {
			isa = PBXFrameworksBuildPhase;
			buildActionMask = 2147483647;
			files = (
				CD15FE811FE7C404000E8973 /* libssl.a in Frameworks */,
				CD15FE801FE7C404000E8973 /* libcrypto.a in Frameworks */,
			);
			runOnlyForDeploymentPostprocessing = 0;
		};
		3C70BD191A0733D200C32A1F /* Frameworks */ = {
			isa = PBXFrameworksBuildPhase;
			buildActionMask = 2147483647;
			files = (
				3CEE01D41A170DE1007A5D40 /* CoreLocation.framework in Frameworks */,
				423152F71EDE564F00FBC502 /* BaiduMapAPI_Map.framework in Frameworks */,
				423152F61EDE564F00FBC502 /* BaiduMapAPI_Location.framework in Frameworks */,
				423152F41EDE564F00FBC502 /* BaiduMapAPI_Base.framework in Frameworks */,
				423153151EDE5A9B00FBC502 /* AppCanKit.framework in Frameworks */,
				423152F51EDE564F00FBC502 /* BaiduMapAPI_Cloud.framework in Frameworks */,
				423152F81EDE564F00FBC502 /* BaiduMapAPI_Radar.framework in Frameworks */,
				429E86551E0BA23300DFB0E8 /* openssl.framework in Frameworks */,
				423152FA1EDE564F00FBC502 /* BaiduMapAPI_Utils.framework in Frameworks */,
				423152F91EDE564F00FBC502 /* BaiduMapAPI_Search.framework in Frameworks */,
			);
			runOnlyForDeploymentPostprocessing = 0;
		};
/* End PBXFrameworksBuildPhase section */

/* Begin PBXGroup section */
		3C1AD59B1BD5F4E50091D2A1 /* uexBaiduMapBundle */ = {
			isa = PBXGroup;
			children = (
				3C5190971BE05A2E00D6B67D /* Localizable.strings */,
			);
			path = uexBaiduMapBundle;
			sourceTree = "<group>";
		};
		3C70BD131A0733D200C32A1F = {
			isa = PBXGroup;
			children = (
				3C70BD1E1A0733D200C32A1F /* EUExBaiduMap */,
				3C1AD59B1BD5F4E50091D2A1 /* uexBaiduMapBundle */,
				3C70BD381A07341B00C32A1F /* Frameworks */,
				3C70BD1D1A0733D200C32A1F /* Products */,
			);
			sourceTree = "<group>";
		};
		3C70BD1D1A0733D200C32A1F /* Products */ = {
			isa = PBXGroup;
			children = (
				3C70BD1C1A0733D200C32A1F /* libuexBaiduMap.a */,
				3C1AD59A1BD5F4E50091D2A1 /* uexBaiduMap.bundle */,
			);
			name = Products;
			sourceTree = "<group>";
		};
		3C70BD1E1A0733D200C32A1F /* EUExBaiduMap */ = {
			isa = PBXGroup;
			children = (
				CD15FE7D1FE7C404000E8973 /* thirdlibs */,
				423153141EDE5A9B00FBC502 /* AppCanKit.framework */,
				4231530B1EDE566600FBC502 /* mapapi.bundle */,
				423152ED1EDE564F00FBC502 /* BaiduMapAPI_Base.framework */,
				423152EE1EDE564F00FBC502 /* BaiduMapAPI_Cloud.framework */,
				423152EF1EDE564F00FBC502 /* BaiduMapAPI_Location.framework */,
				423152F01EDE564F00FBC502 /* BaiduMapAPI_Map.framework */,
				423152F11EDE564F00FBC502 /* BaiduMapAPI_Radar.framework */,
				423152F21EDE564F00FBC502 /* BaiduMapAPI_Search.framework */,
				423152F31EDE564F00FBC502 /* BaiduMapAPI_Utils.framework */,
				429E86541E0BA23300DFB0E8 /* openssl.framework */,
				3C1AD5A91BD60CDF0091D2A1 /* PrefixHeader.pch */,
				3C70BD1F1A0733D200C32A1F /* EUExBaiduMap.h */,
				3C70BD211A0733D200C32A1F /* EUExBaiduMap.mm */,
				3C70BD3E1A07353D00C32A1F /* sourceCode */,
			);
			path = EUExBaiduMap;
			sourceTree = "<group>";
		};
		3C70BD381A07341B00C32A1F /* Frameworks */ = {
			isa = PBXGroup;
			children = (
				3CEE01D31A170DE1007A5D40 /* CoreLocation.framework */,
			);
			name = Frameworks;
			sourceTree = "<group>";
		};
		3C70BD3E1A07353D00C32A1F /* sourceCode */ = {
			isa = PBXGroup;
			children = (
				4231533C1EE16CD300FBC502 /* uexBaiduMapBaseDefine.h */,
				423153371EE13DB400FBC502 /* uexBaiduMapRoutePlanSearcher.h */,
				423153381EE13DB400FBC502 /* uexBaiduMapRoutePlanSearcher.m */,
				423153311EDFE0BE00FBC502 /* uexBaiduBusLineSearcher.h */,
				423153321EDFE0BE00FBC502 /* uexBaiduBusLineSearcher.m */,
				42961A611D0D0C5700005263 /* uexBaiduPOISearcher.h */,
				42961A621D0D0C5700005263 /* uexBaiduPOISearcher.m */,
				42961A641D0D1B4E00005263 /* uexBaiduGeoCodeSearcher.h */,
				42961A651D0D1B4E00005263 /* uexBaiduGeoCodeSearcher.m */,
				42961A671D0D21D800005263 /* uexBaiduReverseGeocodeSearcher.h */,
				42961A681D0D21D800005263 /* uexBaiduReverseGeocodeSearcher.m */,
				4231531E1EDE5EDC00FBC502 /* uexBaiduMapOverlay.h */,
				4231531F1EDE5EDC00FBC502 /* uexBaiduMapOverlay.m */,
				423153341EDFF02700FBC502 /* uexBaiduMapAnnotation.h */,
				423153351EDFF02700FBC502 /* uexBaiduMapAnnotation.m */,
				423153211EDEA27700FBC502 /* uexBaiduMapInfo.h */,
				423153221EDEA27700FBC502 /* uexBaiduMapInfo.m */,
			);
			path = sourceCode;
			sourceTree = "<group>";
		};
		CD15FE7D1FE7C404000E8973 /* thirdlibs */ = {
			isa = PBXGroup;
			children = (
				CD15FE7E1FE7C404000E8973 /* libcrypto.a */,
				CD15FE7F1FE7C404000E8973 /* libssl.a */,
			);
			path = thirdlibs;
			sourceTree = "<group>";
		};
/* End PBXGroup section */

/* Begin PBXNativeTarget section */
		3C1AD5991BD5F4E50091D2A1 /* uexBaiduMapBundle */ = {
			isa = PBXNativeTarget;
			buildConfigurationList = 3C1AD59F1BD5F4E50091D2A1 /* Build configuration list for PBXNativeTarget "uexBaiduMapBundle" */;
			buildPhases = (
				3C1AD5961BD5F4E50091D2A1 /* Sources */,
				3C1AD5971BD5F4E50091D2A1 /* Frameworks */,
				3C1AD5981BD5F4E50091D2A1 /* Resources */,
			);
			buildRules = (
			);
			dependencies = (
			);
			name = uexBaiduMapBundle;
			productName = uexBaiduMapBundle;
			productReference = 3C1AD59A1BD5F4E50091D2A1 /* uexBaiduMap.bundle */;
			productType = "com.apple.product-type.bundle";
		};
		3C70BD1B1A0733D200C32A1F /* EUExBaiduMap */ = {
			isa = PBXNativeTarget;
			buildConfigurationList = 3C70BD301A0733D200C32A1F /* Build configuration list for PBXNativeTarget "EUExBaiduMap" */;
			buildPhases = (
				3C70BD181A0733D200C32A1F /* Sources */,
				3C70BD191A0733D200C32A1F /* Frameworks */,
				3C70BD1A1A0733D200C32A1F /* CopyFiles */,
			);
			buildRules = (
			);
			dependencies = (
				3C1AD5A11BD5F5110091D2A1 /* PBXTargetDependency */,
			);
			name = EUExBaiduMap;
			productName = EUExBaiduMap;
			productReference = 3C70BD1C1A0733D200C32A1F /* libuexBaiduMap.a */;
			productType = "com.apple.product-type.library.static";
		};
/* End PBXNativeTarget section */

/* Begin PBXProject section */
		3C70BD141A0733D200C32A1F /* Project object */ = {
			isa = PBXProject;
			attributes = {
				LastUpgradeCheck = 0810;
				ORGANIZATIONNAME = com.zywx;
				TargetAttributes = {
					3C1AD5991BD5F4E50091D2A1 = {
						CreatedOnToolsVersion = 7.0.1;
					};
					3C70BD1B1A0733D200C32A1F = {
						CreatedOnToolsVersion = 6.1;
					};
				};
			};
			buildConfigurationList = 3C70BD171A0733D200C32A1F /* Build configuration list for PBXProject "EUExBaiduMap" */;
			compatibilityVersion = "Xcode 3.2";
			developmentRegion = English;
			hasScannedForEncodings = 0;
			knownRegions = (
				en,
				"zh-Hans",
				Base,
			);
			mainGroup = 3C70BD131A0733D200C32A1F;
			productRefGroup = 3C70BD1D1A0733D200C32A1F /* Products */;
			projectDirPath = "";
			projectRoot = "";
			targets = (
				3C70BD1B1A0733D200C32A1F /* EUExBaiduMap */,
				3C1AD5991BD5F4E50091D2A1 /* uexBaiduMapBundle */,
			);
		};
/* End PBXProject section */

/* Begin PBXResourcesBuildPhase section */
		3C1AD5981BD5F4E50091D2A1 /* Resources */ = {
			isa = PBXResourcesBuildPhase;
			buildActionMask = 2147483647;
			files = (
				3C5190951BE05A2E00D6B67D /* Localizable.strings in Resources */,
			);
			runOnlyForDeploymentPostprocessing = 0;
		};
/* End PBXResourcesBuildPhase section */

/* Begin PBXSourcesBuildPhase section */
		3C1AD5961BD5F4E50091D2A1 /* Sources */ = {
			isa = PBXSourcesBuildPhase;
			buildActionMask = 2147483647;
			files = (
			);
			runOnlyForDeploymentPostprocessing = 0;
		};
		3C70BD181A0733D200C32A1F /* Sources */ = {
			isa = PBXSourcesBuildPhase;
			buildActionMask = 2147483647;
			files = (
				423153331EDFE0BE00FBC502 /* uexBaiduBusLineSearcher.m in Sources */,
				3C70BD221A0733D200C32A1F /* EUExBaiduMap.mm in Sources */,
				423153201EDE5EDC00FBC502 /* uexBaiduMapOverlay.m in Sources */,
				423153361EDFF02700FBC502 /* uexBaiduMapAnnotation.m in Sources */,
				42961A691D0D21D800005263 /* uexBaiduReverseGeocodeSearcher.m in Sources */,
				42961A661D0D1B4E00005263 /* uexBaiduGeoCodeSearcher.m in Sources */,
				42961A631D0D0C5700005263 /* uexBaiduPOISearcher.m in Sources */,
				423153231EDEA27700FBC502 /* uexBaiduMapInfo.m in Sources */,
				423153391EE13DB400FBC502 /* uexBaiduMapRoutePlanSearcher.m in Sources */,
			);
			runOnlyForDeploymentPostprocessing = 0;
		};
/* End PBXSourcesBuildPhase section */

/* Begin PBXTargetDependency section */
		3C1AD5A11BD5F5110091D2A1 /* PBXTargetDependency */ = {
			isa = PBXTargetDependency;
			target = 3C1AD5991BD5F4E50091D2A1 /* uexBaiduMapBundle */;
			targetProxy = 3C1AD5A01BD5F5110091D2A1 /* PBXContainerItemProxy */;
		};
/* End PBXTargetDependency section */

/* Begin PBXVariantGroup section */
		3C5190971BE05A2E00D6B67D /* Localizable.strings */ = {
			isa = PBXVariantGroup;
			children = (
				3C5190961BE05A2E00D6B67D /* en */,
				3C5190981BE05A3200D6B67D /* zh-Hans */,
			);
			name = Localizable.strings;
			sourceTree = "<group>";
		};
/* End PBXVariantGroup section */

/* Begin XCBuildConfiguration section */
		3C1AD59D1BD5F4E50091D2A1 /* Debug */ = {
			isa = XCBuildConfiguration;
			buildSettings = {
				CLANG_ENABLE_OBJC_ARC = YES;
				COMBINE_HIDPI_IMAGES = YES;
				CONFIGURATION_BUILD_DIR = $SRCROOT/uexBaiduMap;
				DEBUG_INFORMATION_FORMAT = dwarf;
				ENABLE_TESTABILITY = YES;
				FRAMEWORK_SEARCH_PATHS = (
					"$(inherited)",
					"$(PROJECT_DIR)/EUExBaiduMap/sourceCode/BaiduMap_IOSSDK_v2.10.2/BaiduMap_IOSSDK_v2.10.2_Sample/BMKOCDemo/BaiduMapAPI",
					"$(PROJECT_DIR)/EUExBaiduMap/sourceCode/BaiduMap_IOSSDK_v2.10.2/BaiduMap_IOSSDK_v2.10.2_Sample/BMKSwiftDemo/BMKSwiftDemo/BaiduMapAPI",
					"$(PROJECT_DIR)/EUExBaiduMap/sourceCode/BaiduMap_IOSSDK_v2.10.2",
				);
				GCC_NO_COMMON_BLOCKS = YES;
				GCC_PRECOMPILE_PREFIX_HEADER = YES;
				GCC_PREFIX_HEADER = $SRCROOT/EUExBaiduMap/PrefixHeader.pch;
				INFOPLIST_FILE = "";
				INSTALL_PATH = "$(LOCAL_LIBRARY_DIR)/Bundles";
				LIBRARY_SEARCH_PATHS = (
					"$(inherited)",
					"$(PROJECT_DIR)/EUExBaiduMap/thirdlibs",
				);
				MACOSX_DEPLOYMENT_TARGET = 10.10;
				PRODUCT_BUNDLE_IDENTIFIER = com.zywx.uexBaiduMapBundle;
				PRODUCT_MODULE_NAME = uexBaiduMap;
				PRODUCT_NAME = uexBaiduMap;
				SDKROOT = macosx;
				SKIP_INSTALL = YES;
				WRAPPER_EXTENSION = bundle;
			};
			name = Debug;
		};
		3C1AD59E1BD5F4E50091D2A1 /* Release */ = {
			isa = XCBuildConfiguration;
			buildSettings = {
				CLANG_ENABLE_OBJC_ARC = YES;
				COMBINE_HIDPI_IMAGES = YES;
				CONFIGURATION_BUILD_DIR = $SRCROOT/uexBaiduMap;
				COPY_PHASE_STRIP = NO;
				DEBUG_INFORMATION_FORMAT = "dwarf-with-dsym";
				FRAMEWORK_SEARCH_PATHS = (
					"$(inherited)",
					"$(PROJECT_DIR)/EUExBaiduMap/sourceCode/BaiduMap_IOSSDK_v2.10.2/BaiduMap_IOSSDK_v2.10.2_Sample/BMKOCDemo/BaiduMapAPI",
					"$(PROJECT_DIR)/EUExBaiduMap/sourceCode/BaiduMap_IOSSDK_v2.10.2/BaiduMap_IOSSDK_v2.10.2_Sample/BMKSwiftDemo/BMKSwiftDemo/BaiduMapAPI",
					"$(PROJECT_DIR)/EUExBaiduMap/sourceCode/BaiduMap_IOSSDK_v2.10.2",
				);
				GCC_NO_COMMON_BLOCKS = YES;
				GCC_PRECOMPILE_PREFIX_HEADER = YES;
				GCC_PREFIX_HEADER = $SRCROOT/EUExBaiduMap/PrefixHeader.pch;
				INFOPLIST_FILE = "";
				INSTALL_PATH = "$(LOCAL_LIBRARY_DIR)/Bundles";
				LIBRARY_SEARCH_PATHS = (
					"$(inherited)",
					"$(PROJECT_DIR)/EUExBaiduMap/thirdlibs",
				);
				MACOSX_DEPLOYMENT_TARGET = 10.10;
				PRODUCT_BUNDLE_IDENTIFIER = com.zywx.uexBaiduMapBundle;
				PRODUCT_MODULE_NAME = uexBaiduMap;
				PRODUCT_NAME = uexBaiduMap;
				SDKROOT = macosx;
				SKIP_INSTALL = YES;
				WRAPPER_EXTENSION = bundle;
			};
			name = Release;
		};
		3C70BD2E1A0733D200C32A1F /* Debug */ = {
			isa = XCBuildConfiguration;
			buildSettings = {
				ALWAYS_SEARCH_USER_PATHS = NO;
				CLANG_ANALYZER_LOCALIZABILITY_NONLOCALIZED = YES;
				CLANG_CXX_LANGUAGE_STANDARD = "gnu++0x";
				CLANG_CXX_LIBRARY = "libc++";
				CLANG_ENABLE_MODULES = YES;
				CLANG_ENABLE_OBJC_ARC = NO;
				CLANG_WARN_BOOL_CONVERSION = YES;
				CLANG_WARN_CONSTANT_CONVERSION = YES;
				CLANG_WARN_DIRECT_OBJC_ISA_USAGE = YES_ERROR;
				CLANG_WARN_EMPTY_BODY = YES;
				CLANG_WARN_ENUM_CONVERSION = YES;
				CLANG_WARN_INFINITE_RECURSION = YES;
				CLANG_WARN_INT_CONVERSION = YES;
				CLANG_WARN_OBJC_ROOT_CLASS = YES_ERROR;
				CLANG_WARN_SUSPICIOUS_MOVE = YES;
				CLANG_WARN_UNREACHABLE_CODE = YES;
				CLANG_WARN__DUPLICATE_METHOD_MATCH = YES;
				COPY_PHASE_STRIP = NO;
				ENABLE_STRICT_OBJC_MSGSEND = YES;
				ENABLE_TESTABILITY = YES;
				GCC_C_LANGUAGE_STANDARD = gnu99;
				GCC_DYNAMIC_NO_PIC = NO;
				GCC_NO_COMMON_BLOCKS = YES;
				GCC_OPTIMIZATION_LEVEL = 0;
				GCC_PREPROCESSOR_DEFINITIONS = (
					"DEBUG=1",
					"$(inherited)",
				);
				GCC_SYMBOLS_PRIVATE_EXTERN = NO;
				GCC_WARN_64_TO_32_BIT_CONVERSION = YES;
				GCC_WARN_ABOUT_RETURN_TYPE = YES_ERROR;
				GCC_WARN_UNDECLARED_SELECTOR = YES;
				GCC_WARN_UNINITIALIZED_AUTOS = YES_AGGRESSIVE;
				GCC_WARN_UNUSED_FUNCTION = YES;
				GCC_WARN_UNUSED_VARIABLE = YES;
				IPHONEOS_DEPLOYMENT_TARGET = 8.0;
				MTL_ENABLE_DEBUG_INFO = YES;
				ONLY_ACTIVE_ARCH = YES;
				SDKROOT = iphoneos;
			};
			name = Debug;
		};
		3C70BD2F1A0733D200C32A1F /* Release */ = {
			isa = XCBuildConfiguration;
			buildSettings = {
				ALWAYS_SEARCH_USER_PATHS = NO;
				CLANG_ANALYZER_LOCALIZABILITY_NONLOCALIZED = YES;
				CLANG_CXX_LANGUAGE_STANDARD = "gnu++0x";
				CLANG_CXX_LIBRARY = "libc++";
				CLANG_ENABLE_MODULES = YES;
				CLANG_ENABLE_OBJC_ARC = NO;
				CLANG_WARN_BOOL_CONVERSION = YES;
				CLANG_WARN_CONSTANT_CONVERSION = YES;
				CLANG_WARN_DIRECT_OBJC_ISA_USAGE = YES_ERROR;
				CLANG_WARN_EMPTY_BODY = YES;
				CLANG_WARN_ENUM_CONVERSION = YES;
				CLANG_WARN_INFINITE_RECURSION = YES;
				CLANG_WARN_INT_CONVERSION = YES;
				CLANG_WARN_OBJC_ROOT_CLASS = YES_ERROR;
				CLANG_WARN_SUSPICIOUS_MOVE = YES;
				CLANG_WARN_UNREACHABLE_CODE = YES;
				CLANG_WARN__DUPLICATE_METHOD_MATCH = YES;
				COPY_PHASE_STRIP = YES;
				ENABLE_NS_ASSERTIONS = NO;
				ENABLE_STRICT_OBJC_MSGSEND = YES;
				GCC_C_LANGUAGE_STANDARD = gnu99;
				GCC_NO_COMMON_BLOCKS = YES;
				GCC_WARN_64_TO_32_BIT_CONVERSION = YES;
				GCC_WARN_ABOUT_RETURN_TYPE = YES_ERROR;
				GCC_WARN_UNDECLARED_SELECTOR = YES;
				GCC_WARN_UNINITIALIZED_AUTOS = YES_AGGRESSIVE;
				GCC_WARN_UNUSED_FUNCTION = YES;
				GCC_WARN_UNUSED_VARIABLE = YES;
				IPHONEOS_DEPLOYMENT_TARGET = 8.0;
				MTL_ENABLE_DEBUG_INFO = NO;
				SDKROOT = iphoneos;
				VALIDATE_PRODUCT = YES;
			};
			name = Release;
		};
		3C70BD311A0733D200C32A1F /* Debug */ = {
			isa = XCBuildConfiguration;
			buildSettings = {
				CLANG_ENABLE_OBJC_ARC = YES;
				CONFIGURATION_BUILD_DIR = "$(SRCROOT)/uexBaiduMap/";
				FRAMEWORK_SEARCH_PATHS = (
					"$(inherited)",
					"$(PROJECT_DIR)/EUExBaiduMap/sourceCode/BaiduMap_IOSSDK",
					"$(PROJECT_DIR)/EUExBaiduMap",
				);
				GCC_PREFIX_HEADER = EUExBaiduMap/PrefixHeader.pch;
				LIBRARY_SEARCH_PATHS = (
					"$(inherited)",
					"$(PROJECT_DIR)/EUExBaiduMap/sourceCode/BaiduMap_IOSSDK_v2.5.0_Lib/Release-iphoneos",
					"$(PROJECT_DIR)/EUExBaiduMap/sourceCode/BaiduMap_IOSSDK_v2.5.0_Lib/Release-iphonesimulator",
					"$(PROJECT_DIR)/EUExBaiduMap/sourceCode/BaiduMap_IOSSDK_v2.6.0_Lib/Release-iphoneos",
					"$(PROJECT_DIR)/EUExBaiduMap/sourceCode/BaiduMap_IOSSDK_v2.6.0_Lib/Release-iphonesimulator",
					"$(PROJECT_DIR)",
				);
				ONLY_ACTIVE_ARCH = NO;
				OTHER_LDFLAGS = "-ObjC";
				PRODUCT_NAME = uexBaiduMap;
				SKIP_INSTALL = YES;
			};
			name = Debug;
		};
		3C70BD321A0733D200C32A1F /* Release */ = {
			isa = XCBuildConfiguration;
			buildSettings = {
				CLANG_ENABLE_OBJC_ARC = YES;
				CONFIGURATION_BUILD_DIR = "$(SRCROOT)/uexBaiduMap/";
				FRAMEWORK_SEARCH_PATHS = (
					"$(inherited)",
					"$(PROJECT_DIR)/EUExBaiduMap/sourceCode/BaiduMap_IOSSDK",
					"$(PROJECT_DIR)/EUExBaiduMap",
				);
				GCC_PREFIX_HEADER = EUExBaiduMap/PrefixHeader.pch;
				LIBRARY_SEARCH_PATHS = (
					"$(inherited)",
					"$(PROJECT_DIR)/EUExBaiduMap/sourceCode/BaiduMap_IOSSDK_v2.5.0_Lib/Release-iphoneos",
					"$(PROJECT_DIR)/EUExBaiduMap/sourceCode/BaiduMap_IOSSDK_v2.5.0_Lib/Release-iphonesimulator",
					"$(PROJECT_DIR)/EUExBaiduMap/sourceCode/BaiduMap_IOSSDK_v2.6.0_Lib/Release-iphoneos",
					"$(PROJECT_DIR)/EUExBaiduMap/sourceCode/BaiduMap_IOSSDK_v2.6.0_Lib/Release-iphonesimulator",
					"$(PROJECT_DIR)",
				);
				ONLY_ACTIVE_ARCH = NO;
				OTHER_LDFLAGS = "-ObjC";
				PRODUCT_NAME = uexBaiduMap;
				SKIP_INSTALL = YES;
			};
			name = Release;
		};
/* End XCBuildConfiguration section */

/* Begin XCConfigurationList section */
		3C1AD59F1BD5F4E50091D2A1 /* Build configuration list for PBXNativeTarget "uexBaiduMapBundle" */ = {
			isa = XCConfigurationList;
			buildConfigurations = (
				3C1AD59D1BD5F4E50091D2A1 /* Debug */,
				3C1AD59E1BD5F4E50091D2A1 /* Release */,
			);
			defaultConfigurationIsVisible = 0;
			defaultConfigurationName = Release;
		};
		3C70BD171A0733D200C32A1F /* Build configuration list for PBXProject "EUExBaiduMap" */ = {
			isa = XCConfigurationList;
			buildConfigurations = (
				3C70BD2E1A0733D200C32A1F /* Debug */,
				3C70BD2F1A0733D200C32A1F /* Release */,
			);
			defaultConfigurationIsVisible = 0;
			defaultConfigurationName = Release;
		};
		3C70BD301A0733D200C32A1F /* Build configuration list for PBXNativeTarget "EUExBaiduMap" */ = {
			isa = XCConfigurationList;
			buildConfigurations = (
				3C70BD311A0733D200C32A1F /* Debug */,
				3C70BD321A0733D200C32A1F /* Release */,
			);
			defaultConfigurationIsVisible = 0;
			defaultConfigurationName = Release;
		};
/* End XCConfigurationList section */
	};
	rootObject = 3C70BD141A0733D200C32A1F /* Project object */;
}
